// !$*UTF8*$!
{
	archiveVersion = 1;
	classes = {
	};
	objectVersion = 56;
	objects = {

/* Begin PBXBuildFile section */
		965F2C1A3AABF8D50B4817C4 /* Pods_YassirAppTests.framework in Frameworks */ = {isa = PBXBuildFile; fileRef = 2EE886711F6DCE3C799E9199 /* Pods_YassirAppTests.framework */; };
		9C9D528A2AEBD8680097FC02 /* HomeViewModelProtocol.swift in Sources */ = {isa = PBXBuildFile; fileRef = 9C9D527E2AEBD8680097FC02 /* HomeViewModelProtocol.swift */; };
		9C9D528B2AEBD8680097FC02 /* HomeViewModel.swift in Sources */ = {isa = PBXBuildFile; fileRef = 9C9D527F2AEBD8680097FC02 /* HomeViewModel.swift */; };
		9C9D528C2AEBD8680097FC02 /* HomeCoordinator.swift in Sources */ = {isa = PBXBuildFile; fileRef = 9C9D52812AEBD8680097FC02 /* HomeCoordinator.swift */; };
		9C9D528D2AEBD8680097FC02 /* HomeCoordinatorProtocol.swift in Sources */ = {isa = PBXBuildFile; fileRef = 9C9D52822AEBD8680097FC02 /* HomeCoordinatorProtocol.swift */; };
		9C9D528E2AEBD8680097FC02 /* HomeViewController.xib in Resources */ = {isa = PBXBuildFile; fileRef = 9C9D52842AEBD8680097FC02 /* HomeViewController.xib */; };
		9C9D528F2AEBD8680097FC02 /* HomeViewController.swift in Sources */ = {isa = PBXBuildFile; fileRef = 9C9D52852AEBD8680097FC02 /* HomeViewController.swift */; };
		9C9D52902AEBD8680097FC02 /* HomeViewControllerProtocol.swift in Sources */ = {isa = PBXBuildFile; fileRef = 9C9D52862AEBD8680097FC02 /* HomeViewControllerProtocol.swift */; };
		9C9D52912AEBD8680097FC02 /* HomeDependencies.swift in Sources */ = {isa = PBXBuildFile; fileRef = 9C9D52882AEBD8680097FC02 /* HomeDependencies.swift */; };
		9C9D52922AEBD8680097FC02 /* HomeCallBack.swift in Sources */ = {isa = PBXBuildFile; fileRef = 9C9D52892AEBD8680097FC02 /* HomeCallBack.swift */; };
		9C9D52952AEBD9050097FC02 /* CoordinatorDependencyType.swift in Sources */ = {isa = PBXBuildFile; fileRef = 9C9D52942AEBD9050097FC02 /* CoordinatorDependencyType.swift */; };
		9C9D529C2AEBDDEF0097FC02 /* MovieTableViewCell.swift in Sources */ = {isa = PBXBuildFile; fileRef = 9C9D529A2AEBDDEF0097FC02 /* MovieTableViewCell.swift */; };
		9C9D529D2AEBDDEF0097FC02 /* MovieTableViewCell.xib in Resources */ = {isa = PBXBuildFile; fileRef = 9C9D529B2AEBDDEF0097FC02 /* MovieTableViewCell.xib */; };
		9C9D52A02AEBE21F0097FC02 /* MoviesListDataSource.swift in Sources */ = {isa = PBXBuildFile; fileRef = 9C9D529F2AEBE21F0097FC02 /* MoviesListDataSource.swift */; };
		9C9D52A22AEBE4010097FC02 /* UIImageView+Extensions.swift in Sources */ = {isa = PBXBuildFile; fileRef = 9C9D52A12AEBE4010097FC02 /* UIImageView+Extensions.swift */; };
		9C9D52A42AEBE6690097FC02 /* Date+Extensions.swift in Sources */ = {isa = PBXBuildFile; fileRef = 9C9D52A32AEBE6690097FC02 /* Date+Extensions.swift */; };
		9C9D52A72AEBF74B0097FC02 /* StaticDataManager.swift in Sources */ = {isa = PBXBuildFile; fileRef = 9C9D52A62AEBF74B0097FC02 /* StaticDataManager.swift */; };
		9C9D52AB2AEC003B0097FC02 /* Codable+Extensions.swift in Sources */ = {isa = PBXBuildFile; fileRef = 9C9D52AA2AEC003B0097FC02 /* Codable+Extensions.swift */; };
		9CA500162AEADAA7001D8FD1 /* AppDelegate.swift in Sources */ = {isa = PBXBuildFile; fileRef = 9CA500152AEADAA7001D8FD1 /* AppDelegate.swift */; };
		9CA500202AEADAA7001D8FD1 /* YassirApp.xcdatamodeld in Sources */ = {isa = PBXBuildFile; fileRef = 9CA5001E2AEADAA7001D8FD1 /* YassirApp.xcdatamodeld */; };
		9CA500222AEADAA9001D8FD1 /* Assets.xcassets in Resources */ = {isa = PBXBuildFile; fileRef = 9CA500212AEADAA9001D8FD1 /* Assets.xcassets */; };
		9CA500252AEADAA9001D8FD1 /* LaunchScreen.storyboard in Resources */ = {isa = PBXBuildFile; fileRef = 9CA500232AEADAA9001D8FD1 /* LaunchScreen.storyboard */; };
		9CA500302AEADAA9001D8FD1 /* YassirAppTests.swift in Sources */ = {isa = PBXBuildFile; fileRef = 9CA5002F2AEADAA9001D8FD1 /* YassirAppTests.swift */; };
		9CA5003A2AEADAA9001D8FD1 /* YassirAppUITests.swift in Sources */ = {isa = PBXBuildFile; fileRef = 9CA500392AEADAA9001D8FD1 /* YassirAppUITests.swift */; };
		9CA5003C2AEADAA9001D8FD1 /* YassirAppUITestsLaunchTests.swift in Sources */ = {isa = PBXBuildFile; fileRef = 9CA5003B2AEADAA9001D8FD1 /* YassirAppUITestsLaunchTests.swift */; };
		9CA500512AEADD16001D8FD1 /* AppCoordinator.swift in Sources */ = {isa = PBXBuildFile; fileRef = 9CA500502AEADD16001D8FD1 /* AppCoordinator.swift */; };
		9CA500542AEADD9C001D8FD1 /* AppCoordinatorProtocol.swift in Sources */ = {isa = PBXBuildFile; fileRef = 9CA500532AEADD9C001D8FD1 /* AppCoordinatorProtocol.swift */; };
		9CA500572AEADDE9001D8FD1 /* BaseCoordinator.swift in Sources */ = {isa = PBXBuildFile; fileRef = 9CA500562AEADDE9001D8FD1 /* BaseCoordinator.swift */; };
		9CA5005D2AEADE74001D8FD1 /* Action.swift in Sources */ = {isa = PBXBuildFile; fileRef = 9CA5005C2AEADE74001D8FD1 /* Action.swift */; };
		9CA5006B2AEAEFE9001D8FD1 /* WeakReference.swift in Sources */ = {isa = PBXBuildFile; fileRef = 9CA5006A2AEAEFE9001D8FD1 /* WeakReference.swift */; };
		9CA500722AEAEFF9001D8FD1 /* BaseViewController.swift in Sources */ = {isa = PBXBuildFile; fileRef = 9CA5006F2AEAEFF9001D8FD1 /* BaseViewController.swift */; };
		9CA500732AEAEFF9001D8FD1 /* Action.swift in Sources */ = {isa = PBXBuildFile; fileRef = 9CA500702AEAEFF9001D8FD1 /* Action.swift */; };
		9CA500762AEAF023001D8FD1 /* UIViewController+Extensions.swift in Sources */ = {isa = PBXBuildFile; fileRef = 9CA500752AEAF023001D8FD1 /* UIViewController+Extensions.swift */; };
		9CA500782AEAF037001D8FD1 /* NetworkManager.swift in Sources */ = {isa = PBXBuildFile; fileRef = 9CA500772AEAF037001D8FD1 /* NetworkManager.swift */; };
		9CA5007B2AEAF042001D8FD1 /* NetworkModels.swift in Sources */ = {isa = PBXBuildFile; fileRef = 9CA5007A2AEAF042001D8FD1 /* NetworkModels.swift */; };
		9CAD30D42AEB029F00D764F1 /* ServiceType.swift in Sources */ = {isa = PBXBuildFile; fileRef = 9CAD30D32AEB029F00D764F1 /* ServiceType.swift */; };
		9CAD30D62AEB02C200D764F1 /* EndpointsProtocol.swift in Sources */ = {isa = PBXBuildFile; fileRef = 9CAD30D52AEB02C200D764F1 /* EndpointsProtocol.swift */; };
		9CAD31152AEB2EBF00D764F1 /* Mapper.swift in Sources */ = {isa = PBXBuildFile; fileRef = 9CAD31142AEB2EBF00D764F1 /* Mapper.swift */; };
		9CAD31202AEB30CB00D764F1 /* MoviesRequest.swift in Sources */ = {isa = PBXBuildFile; fileRef = 9CAD311A2AEB30CB00D764F1 /* MoviesRequest.swift */; };
		9CAD31212AEB30CB00D764F1 /* MoviesResponse+Mapping.swift in Sources */ = {isa = PBXBuildFile; fileRef = 9CAD311B2AEB30CB00D764F1 /* MoviesResponse+Mapping.swift */; };
		9CAD31222AEB30CB00D764F1 /* MoviesEndPoints.swift in Sources */ = {isa = PBXBuildFile; fileRef = 9CAD311D2AEB30CB00D764F1 /* MoviesEndPoints.swift */; };
		9CAD31232AEB30CB00D764F1 /* MoviesServiceProtocol.swift in Sources */ = {isa = PBXBuildFile; fileRef = 9CAD311E2AEB30CB00D764F1 /* MoviesServiceProtocol.swift */; };
		9CAD31242AEB30CB00D764F1 /* MoviesService.swift in Sources */ = {isa = PBXBuildFile; fileRef = 9CAD311F2AEB30CB00D764F1 /* MoviesService.swift */; };
		9CAD31292AEB38A600D764F1 /* FetchMoviesUseCase.swift in Sources */ = {isa = PBXBuildFile; fileRef = 9CAD31282AEB38A600D764F1 /* FetchMoviesUseCase.swift */; };
		9CAD312B2AEB38DD00D764F1 /* FetchMoviesUseCaseProtocol.swift in Sources */ = {isa = PBXBuildFile; fileRef = 9CAD312A2AEB38DD00D764F1 /* FetchMoviesUseCaseProtocol.swift */; };
		9CAD312D2AEB39DE00D764F1 /* Movie.swift in Sources */ = {isa = PBXBuildFile; fileRef = 9CAD312C2AEB39DE00D764F1 /* Movie.swift */; };
		9CD19D002AEC30C5001E0488 /* MovieDetailsRequestDTO.swift in Sources */ = {isa = PBXBuildFile; fileRef = 9CD19CFF2AEC30C5001E0488 /* MovieDetailsRequestDTO.swift */; };
		9CD19D052AEC3237001E0488 /* FetchMovieDetailsUseCase.swift in Sources */ = {isa = PBXBuildFile; fileRef = 9CD19D042AEC3237001E0488 /* FetchMovieDetailsUseCase.swift */; };
		9CD19D072AEC323E001E0488 /* FetchMovieDetailsUseCaseProtocol.swift in Sources */ = {isa = PBXBuildFile; fileRef = 9CD19D062AEC323E001E0488 /* FetchMovieDetailsUseCaseProtocol.swift */; };
		9CD19D092AEC33CE001E0488 /* MovieDetails.swift in Sources */ = {isa = PBXBuildFile; fileRef = 9CD19D082AEC33CE001E0488 /* MovieDetails.swift */; };
		9CD19D1C2AEC35BC001E0488 /* MovieDetailsViewModelProtocol.swift in Sources */ = {isa = PBXBuildFile; fileRef = 9CD19D102AEC35BC001E0488 /* MovieDetailsViewModelProtocol.swift */; };
		9CD19D1D2AEC35BC001E0488 /* MovieDetailsViewModel.swift in Sources */ = {isa = PBXBuildFile; fileRef = 9CD19D112AEC35BC001E0488 /* MovieDetailsViewModel.swift */; };
		9CD19D1E2AEC35BC001E0488 /* MovieDetailsCoordinator.swift in Sources */ = {isa = PBXBuildFile; fileRef = 9CD19D132AEC35BC001E0488 /* MovieDetailsCoordinator.swift */; };
		9CD19D1F2AEC35BC001E0488 /* MovieDetailsCoordinatorProtocol.swift in Sources */ = {isa = PBXBuildFile; fileRef = 9CD19D142AEC35BC001E0488 /* MovieDetailsCoordinatorProtocol.swift */; };
		9CD19D202AEC35BC001E0488 /* MovieDetailsViewController.xib in Resources */ = {isa = PBXBuildFile; fileRef = 9CD19D162AEC35BC001E0488 /* MovieDetailsViewController.xib */; };
		9CD19D212AEC35BC001E0488 /* MovieDetailsViewController.swift in Sources */ = {isa = PBXBuildFile; fileRef = 9CD19D172AEC35BC001E0488 /* MovieDetailsViewController.swift */; };
		9CD19D222AEC35BC001E0488 /* MovieDetailsViewControllerProtocol.swift in Sources */ = {isa = PBXBuildFile; fileRef = 9CD19D182AEC35BC001E0488 /* MovieDetailsViewControllerProtocol.swift */; };
		9CD19D232AEC35BC001E0488 /* MovieDetailsDependencies.swift in Sources */ = {isa = PBXBuildFile; fileRef = 9CD19D1A2AEC35BC001E0488 /* MovieDetailsDependencies.swift */; };
		9CD19D242AEC35BC001E0488 /* MovieDetailsCallBack.swift in Sources */ = {isa = PBXBuildFile; fileRef = 9CD19D1B2AEC35BC001E0488 /* MovieDetailsCallBack.swift */; };
		B04435BA0E274EEF94E163F7 /* Pods_YassirApp.framework in Frameworks */ = {isa = PBXBuildFile; fileRef = 5F0FFABE6EC76C008F8DE88E /* Pods_YassirApp.framework */; };
		C2E8DE5F36D5E88C059EDD80 /* Pods_YassirApp_YassirAppUITests.framework in Frameworks */ = {isa = PBXBuildFile; fileRef = 992CF48C45520FB8E3A35F3F /* Pods_YassirApp_YassirAppUITests.framework */; };
/* End PBXBuildFile section */

/* Begin PBXContainerItemProxy section */
		9CA5002C2AEADAA9001D8FD1 /* PBXContainerItemProxy */ = {
			isa = PBXContainerItemProxy;
			containerPortal = 9CA5000A2AEADAA7001D8FD1 /* Project object */;
			proxyType = 1;
			remoteGlobalIDString = 9CA500112AEADAA7001D8FD1;
			remoteInfo = YassirApp;
		};
		9CA500362AEADAA9001D8FD1 /* PBXContainerItemProxy */ = {
			isa = PBXContainerItemProxy;
			containerPortal = 9CA5000A2AEADAA7001D8FD1 /* Project object */;
			proxyType = 1;
			remoteGlobalIDString = 9CA500112AEADAA7001D8FD1;
			remoteInfo = YassirApp;
		};
/* End PBXContainerItemProxy section */

/* Begin PBXFileReference section */
		2EE886711F6DCE3C799E9199 /* Pods_YassirAppTests.framework */ = {isa = PBXFileReference; explicitFileType = wrapper.framework; includeInIndex = 0; path = Pods_YassirAppTests.framework; sourceTree = BUILT_PRODUCTS_DIR; };
		5F0FFABE6EC76C008F8DE88E /* Pods_YassirApp.framework */ = {isa = PBXFileReference; explicitFileType = wrapper.framework; includeInIndex = 0; path = Pods_YassirApp.framework; sourceTree = BUILT_PRODUCTS_DIR; };
		78941BD1A04A35590E37A0D5 /* Pods-YassirApp-YassirAppUITests.release.xcconfig */ = {isa = PBXFileReference; includeInIndex = 1; lastKnownFileType = text.xcconfig; name = "Pods-YassirApp-YassirAppUITests.release.xcconfig"; path = "Target Support Files/Pods-YassirApp-YassirAppUITests/Pods-YassirApp-YassirAppUITests.release.xcconfig"; sourceTree = "<group>"; };
		889B5B9E74162216ED6CA986 /* Pods-YassirAppTests.debug.xcconfig */ = {isa = PBXFileReference; includeInIndex = 1; lastKnownFileType = text.xcconfig; name = "Pods-YassirAppTests.debug.xcconfig"; path = "Target Support Files/Pods-YassirAppTests/Pods-YassirAppTests.debug.xcconfig"; sourceTree = "<group>"; };
		992CF48C45520FB8E3A35F3F /* Pods_YassirApp_YassirAppUITests.framework */ = {isa = PBXFileReference; explicitFileType = wrapper.framework; includeInIndex = 0; path = Pods_YassirApp_YassirAppUITests.framework; sourceTree = BUILT_PRODUCTS_DIR; };
		9C9D527E2AEBD8680097FC02 /* HomeViewModelProtocol.swift */ = {isa = PBXFileReference; fileEncoding = 4; lastKnownFileType = sourcecode.swift; path = HomeViewModelProtocol.swift; sourceTree = "<group>"; };
		9C9D527F2AEBD8680097FC02 /* HomeViewModel.swift */ = {isa = PBXFileReference; fileEncoding = 4; lastKnownFileType = sourcecode.swift; path = HomeViewModel.swift; sourceTree = "<group>"; };
		9C9D52812AEBD8680097FC02 /* HomeCoordinator.swift */ = {isa = PBXFileReference; fileEncoding = 4; lastKnownFileType = sourcecode.swift; path = HomeCoordinator.swift; sourceTree = "<group>"; };
		9C9D52822AEBD8680097FC02 /* HomeCoordinatorProtocol.swift */ = {isa = PBXFileReference; fileEncoding = 4; lastKnownFileType = sourcecode.swift; path = HomeCoordinatorProtocol.swift; sourceTree = "<group>"; };
		9C9D52842AEBD8680097FC02 /* HomeViewController.xib */ = {isa = PBXFileReference; fileEncoding = 4; lastKnownFileType = file.xib; path = HomeViewController.xib; sourceTree = "<group>"; };
		9C9D52852AEBD8680097FC02 /* HomeViewController.swift */ = {isa = PBXFileReference; fileEncoding = 4; lastKnownFileType = sourcecode.swift; path = HomeViewController.swift; sourceTree = "<group>"; };
		9C9D52862AEBD8680097FC02 /* HomeViewControllerProtocol.swift */ = {isa = PBXFileReference; fileEncoding = 4; lastKnownFileType = sourcecode.swift; path = HomeViewControllerProtocol.swift; sourceTree = "<group>"; };
		9C9D52882AEBD8680097FC02 /* HomeDependencies.swift */ = {isa = PBXFileReference; fileEncoding = 4; lastKnownFileType = sourcecode.swift; path = HomeDependencies.swift; sourceTree = "<group>"; };
		9C9D52892AEBD8680097FC02 /* HomeCallBack.swift */ = {isa = PBXFileReference; fileEncoding = 4; lastKnownFileType = sourcecode.swift; path = HomeCallBack.swift; sourceTree = "<group>"; };
		9C9D52942AEBD9050097FC02 /* CoordinatorDependencyType.swift */ = {isa = PBXFileReference; lastKnownFileType = sourcecode.swift; path = CoordinatorDependencyType.swift; sourceTree = "<group>"; };
		9C9D529A2AEBDDEF0097FC02 /* MovieTableViewCell.swift */ = {isa = PBXFileReference; lastKnownFileType = sourcecode.swift; path = MovieTableViewCell.swift; sourceTree = "<group>"; };
		9C9D529B2AEBDDEF0097FC02 /* MovieTableViewCell.xib */ = {isa = PBXFileReference; lastKnownFileType = file.xib; path = MovieTableViewCell.xib; sourceTree = "<group>"; };
		9C9D529F2AEBE21F0097FC02 /* MoviesListDataSource.swift */ = {isa = PBXFileReference; lastKnownFileType = sourcecode.swift; path = MoviesListDataSource.swift; sourceTree = "<group>"; };
		9C9D52A12AEBE4010097FC02 /* UIImageView+Extensions.swift */ = {isa = PBXFileReference; lastKnownFileType = sourcecode.swift; path = "UIImageView+Extensions.swift"; sourceTree = "<group>"; };
		9C9D52A32AEBE6690097FC02 /* Date+Extensions.swift */ = {isa = PBXFileReference; lastKnownFileType = sourcecode.swift; path = "Date+Extensions.swift"; sourceTree = "<group>"; };
		9C9D52A62AEBF74B0097FC02 /* StaticDataManager.swift */ = {isa = PBXFileReference; lastKnownFileType = sourcecode.swift; path = StaticDataManager.swift; sourceTree = "<group>"; };
		9C9D52AA2AEC003B0097FC02 /* Codable+Extensions.swift */ = {isa = PBXFileReference; lastKnownFileType = sourcecode.swift; path = "Codable+Extensions.swift"; sourceTree = "<group>"; };
		9CA500122AEADAA7001D8FD1 /* YassirApp.app */ = {isa = PBXFileReference; explicitFileType = wrapper.application; includeInIndex = 0; path = YassirApp.app; sourceTree = BUILT_PRODUCTS_DIR; };
		9CA500152AEADAA7001D8FD1 /* AppDelegate.swift */ = {isa = PBXFileReference; lastKnownFileType = sourcecode.swift; path = AppDelegate.swift; sourceTree = "<group>"; };
		9CA5001F2AEADAA7001D8FD1 /* YassirApp.xcdatamodel */ = {isa = PBXFileReference; lastKnownFileType = wrapper.xcdatamodel; path = YassirApp.xcdatamodel; sourceTree = "<group>"; };
		9CA500212AEADAA9001D8FD1 /* Assets.xcassets */ = {isa = PBXFileReference; lastKnownFileType = folder.assetcatalog; path = Assets.xcassets; sourceTree = "<group>"; };
		9CA500242AEADAA9001D8FD1 /* Base */ = {isa = PBXFileReference; lastKnownFileType = file.storyboard; name = Base; path = Base.lproj/LaunchScreen.storyboard; sourceTree = "<group>"; };
		9CA500262AEADAA9001D8FD1 /* Info.plist */ = {isa = PBXFileReference; lastKnownFileType = text.plist.xml; path = Info.plist; sourceTree = "<group>"; };
		9CA5002B2AEADAA9001D8FD1 /* YassirAppTests.xctest */ = {isa = PBXFileReference; explicitFileType = wrapper.cfbundle; includeInIndex = 0; path = YassirAppTests.xctest; sourceTree = BUILT_PRODUCTS_DIR; };
		9CA5002F2AEADAA9001D8FD1 /* YassirAppTests.swift */ = {isa = PBXFileReference; lastKnownFileType = sourcecode.swift; path = YassirAppTests.swift; sourceTree = "<group>"; };
		9CA500352AEADAA9001D8FD1 /* YassirAppUITests.xctest */ = {isa = PBXFileReference; explicitFileType = wrapper.cfbundle; includeInIndex = 0; path = YassirAppUITests.xctest; sourceTree = BUILT_PRODUCTS_DIR; };
		9CA500392AEADAA9001D8FD1 /* YassirAppUITests.swift */ = {isa = PBXFileReference; lastKnownFileType = sourcecode.swift; path = YassirAppUITests.swift; sourceTree = "<group>"; };
		9CA5003B2AEADAA9001D8FD1 /* YassirAppUITestsLaunchTests.swift */ = {isa = PBXFileReference; lastKnownFileType = sourcecode.swift; path = YassirAppUITestsLaunchTests.swift; sourceTree = "<group>"; };
		9CA500502AEADD16001D8FD1 /* AppCoordinator.swift */ = {isa = PBXFileReference; fileEncoding = 4; lastKnownFileType = sourcecode.swift; path = AppCoordinator.swift; sourceTree = "<group>"; };
		9CA500532AEADD9C001D8FD1 /* AppCoordinatorProtocol.swift */ = {isa = PBXFileReference; lastKnownFileType = sourcecode.swift; path = AppCoordinatorProtocol.swift; sourceTree = "<group>"; };
		9CA500562AEADDE9001D8FD1 /* BaseCoordinator.swift */ = {isa = PBXFileReference; lastKnownFileType = sourcecode.swift; path = BaseCoordinator.swift; sourceTree = "<group>"; };
		9CA5005C2AEADE74001D8FD1 /* Action.swift */ = {isa = PBXFileReference; lastKnownFileType = sourcecode.swift; path = Action.swift; sourceTree = "<group>"; };
		9CA5006A2AEAEFE9001D8FD1 /* WeakReference.swift */ = {isa = PBXFileReference; fileEncoding = 4; lastKnownFileType = sourcecode.swift; path = WeakReference.swift; sourceTree = "<group>"; };
		9CA5006F2AEAEFF9001D8FD1 /* BaseViewController.swift */ = {isa = PBXFileReference; fileEncoding = 4; lastKnownFileType = sourcecode.swift; path = BaseViewController.swift; sourceTree = "<group>"; };
		9CA500702AEAEFF9001D8FD1 /* Action.swift */ = {isa = PBXFileReference; fileEncoding = 4; lastKnownFileType = sourcecode.swift; path = Action.swift; sourceTree = "<group>"; };
		9CA500752AEAF023001D8FD1 /* UIViewController+Extensions.swift */ = {isa = PBXFileReference; fileEncoding = 4; lastKnownFileType = sourcecode.swift; path = "UIViewController+Extensions.swift"; sourceTree = "<group>"; };
		9CA500772AEAF037001D8FD1 /* NetworkManager.swift */ = {isa = PBXFileReference; fileEncoding = 4; lastKnownFileType = sourcecode.swift; path = NetworkManager.swift; sourceTree = "<group>"; };
		9CA5007A2AEAF042001D8FD1 /* NetworkModels.swift */ = {isa = PBXFileReference; fileEncoding = 4; lastKnownFileType = sourcecode.swift; path = NetworkModels.swift; sourceTree = "<group>"; };
		9CAD30D32AEB029F00D764F1 /* ServiceType.swift */ = {isa = PBXFileReference; lastKnownFileType = sourcecode.swift; path = ServiceType.swift; sourceTree = "<group>"; };
		9CAD30D52AEB02C200D764F1 /* EndpointsProtocol.swift */ = {isa = PBXFileReference; lastKnownFileType = sourcecode.swift; path = EndpointsProtocol.swift; sourceTree = "<group>"; };
		9CAD31142AEB2EBF00D764F1 /* Mapper.swift */ = {isa = PBXFileReference; lastKnownFileType = sourcecode.swift; path = Mapper.swift; sourceTree = "<group>"; };
		9CAD311A2AEB30CB00D764F1 /* MoviesRequest.swift */ = {isa = PBXFileReference; fileEncoding = 4; lastKnownFileType = sourcecode.swift; path = MoviesRequest.swift; sourceTree = "<group>"; };
		9CAD311B2AEB30CB00D764F1 /* MoviesResponse+Mapping.swift */ = {isa = PBXFileReference; fileEncoding = 4; lastKnownFileType = sourcecode.swift; path = "MoviesResponse+Mapping.swift"; sourceTree = "<group>"; };
		9CAD311D2AEB30CB00D764F1 /* MoviesEndPoints.swift */ = {isa = PBXFileReference; fileEncoding = 4; lastKnownFileType = sourcecode.swift; path = MoviesEndPoints.swift; sourceTree = "<group>"; };
		9CAD311E2AEB30CB00D764F1 /* MoviesServiceProtocol.swift */ = {isa = PBXFileReference; fileEncoding = 4; lastKnownFileType = sourcecode.swift; path = MoviesServiceProtocol.swift; sourceTree = "<group>"; };
		9CAD311F2AEB30CB00D764F1 /* MoviesService.swift */ = {isa = PBXFileReference; fileEncoding = 4; lastKnownFileType = sourcecode.swift; path = MoviesService.swift; sourceTree = "<group>"; };
		9CAD31282AEB38A600D764F1 /* FetchMoviesUseCase.swift */ = {isa = PBXFileReference; lastKnownFileType = sourcecode.swift; path = FetchMoviesUseCase.swift; sourceTree = "<group>"; };
		9CAD312A2AEB38DD00D764F1 /* FetchMoviesUseCaseProtocol.swift */ = {isa = PBXFileReference; lastKnownFileType = sourcecode.swift; path = FetchMoviesUseCaseProtocol.swift; sourceTree = "<group>"; };
		9CAD312C2AEB39DE00D764F1 /* Movie.swift */ = {isa = PBXFileReference; lastKnownFileType = sourcecode.swift; path = Movie.swift; sourceTree = "<group>"; };
		9CD19CFF2AEC30C5001E0488 /* MovieDetailsRequestDTO.swift */ = {isa = PBXFileReference; lastKnownFileType = sourcecode.swift; path = MovieDetailsRequestDTO.swift; sourceTree = "<group>"; };
		9CD19D042AEC3237001E0488 /* FetchMovieDetailsUseCase.swift */ = {isa = PBXFileReference; lastKnownFileType = sourcecode.swift; path = FetchMovieDetailsUseCase.swift; sourceTree = "<group>"; };
		9CD19D062AEC323E001E0488 /* FetchMovieDetailsUseCaseProtocol.swift */ = {isa = PBXFileReference; lastKnownFileType = sourcecode.swift; path = FetchMovieDetailsUseCaseProtocol.swift; sourceTree = "<group>"; };
		9CD19D082AEC33CE001E0488 /* MovieDetails.swift */ = {isa = PBXFileReference; lastKnownFileType = sourcecode.swift; path = MovieDetails.swift; sourceTree = "<group>"; };
		9CD19D102AEC35BC001E0488 /* MovieDetailsViewModelProtocol.swift */ = {isa = PBXFileReference; fileEncoding = 4; lastKnownFileType = sourcecode.swift; path = MovieDetailsViewModelProtocol.swift; sourceTree = "<group>"; };
		9CD19D112AEC35BC001E0488 /* MovieDetailsViewModel.swift */ = {isa = PBXFileReference; fileEncoding = 4; lastKnownFileType = sourcecode.swift; path = MovieDetailsViewModel.swift; sourceTree = "<group>"; };
		9CD19D132AEC35BC001E0488 /* MovieDetailsCoordinator.swift */ = {isa = PBXFileReference; fileEncoding = 4; lastKnownFileType = sourcecode.swift; path = MovieDetailsCoordinator.swift; sourceTree = "<group>"; };
		9CD19D142AEC35BC001E0488 /* MovieDetailsCoordinatorProtocol.swift */ = {isa = PBXFileReference; fileEncoding = 4; lastKnownFileType = sourcecode.swift; path = MovieDetailsCoordinatorProtocol.swift; sourceTree = "<group>"; };
		9CD19D162AEC35BC001E0488 /* MovieDetailsViewController.xib */ = {isa = PBXFileReference; fileEncoding = 4; lastKnownFileType = file.xib; path = MovieDetailsViewController.xib; sourceTree = "<group>"; };
		9CD19D172AEC35BC001E0488 /* MovieDetailsViewController.swift */ = {isa = PBXFileReference; fileEncoding = 4; lastKnownFileType = sourcecode.swift; path = MovieDetailsViewController.swift; sourceTree = "<group>"; };
		9CD19D182AEC35BC001E0488 /* MovieDetailsViewControllerProtocol.swift */ = {isa = PBXFileReference; fileEncoding = 4; lastKnownFileType = sourcecode.swift; path = MovieDetailsViewControllerProtocol.swift; sourceTree = "<group>"; };
		9CD19D1A2AEC35BC001E0488 /* MovieDetailsDependencies.swift */ = {isa = PBXFileReference; fileEncoding = 4; lastKnownFileType = sourcecode.swift; path = MovieDetailsDependencies.swift; sourceTree = "<group>"; };
		9CD19D1B2AEC35BC001E0488 /* MovieDetailsCallBack.swift */ = {isa = PBXFileReference; fileEncoding = 4; lastKnownFileType = sourcecode.swift; path = MovieDetailsCallBack.swift; sourceTree = "<group>"; };
		9E902B7E5AA52B1066280A9C /* Pods-YassirApp.debug.xcconfig */ = {isa = PBXFileReference; includeInIndex = 1; lastKnownFileType = text.xcconfig; name = "Pods-YassirApp.debug.xcconfig"; path = "Target Support Files/Pods-YassirApp/Pods-YassirApp.debug.xcconfig"; sourceTree = "<group>"; };
		A1AC6A3DBC7893022AC32625 /* Pods-YassirApp.release.xcconfig */ = {isa = PBXFileReference; includeInIndex = 1; lastKnownFileType = text.xcconfig; name = "Pods-YassirApp.release.xcconfig"; path = "Target Support Files/Pods-YassirApp/Pods-YassirApp.release.xcconfig"; sourceTree = "<group>"; };
		B9A90AB8A6F3B105787E3D42 /* Pods-YassirAppTests.release.xcconfig */ = {isa = PBXFileReference; includeInIndex = 1; lastKnownFileType = text.xcconfig; name = "Pods-YassirAppTests.release.xcconfig"; path = "Target Support Files/Pods-YassirAppTests/Pods-YassirAppTests.release.xcconfig"; sourceTree = "<group>"; };
		EA12C7CBDB31E4650C440C6D /* Pods-YassirApp-YassirAppUITests.debug.xcconfig */ = {isa = PBXFileReference; includeInIndex = 1; lastKnownFileType = text.xcconfig; name = "Pods-YassirApp-YassirAppUITests.debug.xcconfig"; path = "Target Support Files/Pods-YassirApp-YassirAppUITests/Pods-YassirApp-YassirAppUITests.debug.xcconfig"; sourceTree = "<group>"; };
/* End PBXFileReference section */

/* Begin PBXFrameworksBuildPhase section */
		9CA5000F2AEADAA7001D8FD1 /* Frameworks */ = {
			isa = PBXFrameworksBuildPhase;
			buildActionMask = 2147483647;
			files = (
				B04435BA0E274EEF94E163F7 /* Pods_YassirApp.framework in Frameworks */,
			);
			runOnlyForDeploymentPostprocessing = 0;
		};
		9CA500282AEADAA9001D8FD1 /* Frameworks */ = {
			isa = PBXFrameworksBuildPhase;
			buildActionMask = 2147483647;
			files = (
				965F2C1A3AABF8D50B4817C4 /* Pods_YassirAppTests.framework in Frameworks */,
			);
			runOnlyForDeploymentPostprocessing = 0;
		};
		9CA500322AEADAA9001D8FD1 /* Frameworks */ = {
			isa = PBXFrameworksBuildPhase;
			buildActionMask = 2147483647;
			files = (
				C2E8DE5F36D5E88C059EDD80 /* Pods_YassirApp_YassirAppUITests.framework in Frameworks */,
			);
			runOnlyForDeploymentPostprocessing = 0;
		};
/* End PBXFrameworksBuildPhase section */

/* Begin PBXGroup section */
		7144FCFE9B64D1FC36568E78 /* Frameworks */ = {
			isa = PBXGroup;
			children = (
				5F0FFABE6EC76C008F8DE88E /* Pods_YassirApp.framework */,
				992CF48C45520FB8E3A35F3F /* Pods_YassirApp_YassirAppUITests.framework */,
				2EE886711F6DCE3C799E9199 /* Pods_YassirAppTests.framework */,
			);
			name = Frameworks;
			sourceTree = "<group>";
		};
		9C9D527C2AEBD8680097FC02 /* Home */ = {
			isa = PBXGroup;
			children = (
				9C9D52972AEBDB280097FC02 /* ReusableViews */,
				9C9D52962AEBDAFA0097FC02 /* Datasource */,
				9C9D527D2AEBD8680097FC02 /* ViewModel */,
				9C9D52802AEBD8680097FC02 /* Coordinator */,
				9C9D52832AEBD8680097FC02 /* Controller */,
				9C9D52872AEBD8680097FC02 /* Resourses */,
			);
			path = Home;
			sourceTree = "<group>";
		};
		9C9D527D2AEBD8680097FC02 /* ViewModel */ = {
			isa = PBXGroup;
			children = (
				9C9D527E2AEBD8680097FC02 /* HomeViewModelProtocol.swift */,
				9C9D527F2AEBD8680097FC02 /* HomeViewModel.swift */,
			);
			path = ViewModel;
			sourceTree = "<group>";
		};
		9C9D52802AEBD8680097FC02 /* Coordinator */ = {
			isa = PBXGroup;
			children = (
				9C9D52812AEBD8680097FC02 /* HomeCoordinator.swift */,
				9C9D52822AEBD8680097FC02 /* HomeCoordinatorProtocol.swift */,
			);
			path = Coordinator;
			sourceTree = "<group>";
		};
		9C9D52832AEBD8680097FC02 /* Controller */ = {
			isa = PBXGroup;
			children = (
				9C9D52842AEBD8680097FC02 /* HomeViewController.xib */,
				9C9D52852AEBD8680097FC02 /* HomeViewController.swift */,
				9C9D52862AEBD8680097FC02 /* HomeViewControllerProtocol.swift */,
			);
			path = Controller;
			sourceTree = "<group>";
		};
		9C9D52872AEBD8680097FC02 /* Resourses */ = {
			isa = PBXGroup;
			children = (
				9C9D52882AEBD8680097FC02 /* HomeDependencies.swift */,
				9C9D52892AEBD8680097FC02 /* HomeCallBack.swift */,
			);
			path = Resourses;
			sourceTree = "<group>";
		};
		9C9D52932AEBD8E80097FC02 /* Protocols */ = {
			isa = PBXGroup;
			children = (
				9C9D52942AEBD9050097FC02 /* CoordinatorDependencyType.swift */,
			);
			path = Protocols;
			sourceTree = "<group>";
		};
		9C9D52962AEBDAFA0097FC02 /* Datasource */ = {
			isa = PBXGroup;
			children = (
				9C9D529F2AEBE21F0097FC02 /* MoviesListDataSource.swift */,
			);
			path = Datasource;
			sourceTree = "<group>";
		};
		9C9D52972AEBDB280097FC02 /* ReusableViews */ = {
			isa = PBXGroup;
			children = (
				9C9D529E2AEBE1BB0097FC02 /* MovieTableViewCell */,
			);
			path = ReusableViews;
			sourceTree = "<group>";
		};
		9C9D529E2AEBE1BB0097FC02 /* MovieTableViewCell */ = {
			isa = PBXGroup;
			children = (
				9C9D529A2AEBDDEF0097FC02 /* MovieTableViewCell.swift */,
				9C9D529B2AEBDDEF0097FC02 /* MovieTableViewCell.xib */,
			);
			path = MovieTableViewCell;
			sourceTree = "<group>";
		};
		9C9D52A52AEBF7190097FC02 /* Managers */ = {
			isa = PBXGroup;
			children = (
				9C9D52A62AEBF74B0097FC02 /* StaticDataManager.swift */,
			);
			path = Managers;
			sourceTree = "<group>";
		};
		9CA500092AEADAA7001D8FD1 = {
			isa = PBXGroup;
			children = (
				9CA500142AEADAA7001D8FD1 /* YassirApp */,
				9CA5002E2AEADAA9001D8FD1 /* YassirAppTests */,
				9CA500382AEADAA9001D8FD1 /* YassirAppUITests */,
				9CA500132AEADAA7001D8FD1 /* Products */,
				C07395A1D5C083FF14861106 /* Pods */,
				7144FCFE9B64D1FC36568E78 /* Frameworks */,
			);
			sourceTree = "<group>";
		};
		9CA500132AEADAA7001D8FD1 /* Products */ = {
			isa = PBXGroup;
			children = (
				9CA500122AEADAA7001D8FD1 /* YassirApp.app */,
				9CA5002B2AEADAA9001D8FD1 /* YassirAppTests.xctest */,
				9CA500352AEADAA9001D8FD1 /* YassirAppUITests.xctest */,
			);
			name = Products;
			sourceTree = "<group>";
		};
		9CA500142AEADAA7001D8FD1 /* YassirApp */ = {
			isa = PBXGroup;
			children = (
				9CA5004D2AEADBA2001D8FD1 /* Presentation */,
				9CA5004C2AEADB99001D8FD1 /* Data */,
				9CA5004B2AEADB91001D8FD1 /* Domain */,
				9CA5004A2AEADB7E001D8FD1 /* Utils */,
				9CA500492AEADB5A001D8FD1 /* Application */,
				9CA500482AEADB42001D8FD1 /* Resources */,
				9CA500232AEADAA9001D8FD1 /* LaunchScreen.storyboard */,
				9CA500262AEADAA9001D8FD1 /* Info.plist */,
				9CA5001E2AEADAA7001D8FD1 /* YassirApp.xcdatamodeld */,
			);
			path = YassirApp;
			sourceTree = "<group>";
		};
		9CA5002E2AEADAA9001D8FD1 /* YassirAppTests */ = {
			isa = PBXGroup;
			children = (
				9CA5002F2AEADAA9001D8FD1 /* YassirAppTests.swift */,
			);
			path = YassirAppTests;
			sourceTree = "<group>";
		};
		9CA500382AEADAA9001D8FD1 /* YassirAppUITests */ = {
			isa = PBXGroup;
			children = (
				9CA500392AEADAA9001D8FD1 /* YassirAppUITests.swift */,
				9CA5003B2AEADAA9001D8FD1 /* YassirAppUITestsLaunchTests.swift */,
			);
			path = YassirAppUITests;
			sourceTree = "<group>";
		};
		9CA500482AEADB42001D8FD1 /* Resources */ = {
			isa = PBXGroup;
			children = (
				9CA500212AEADAA9001D8FD1 /* Assets.xcassets */,
			);
			path = Resources;
			sourceTree = "<group>";
		};
		9CA500492AEADB5A001D8FD1 /* Application */ = {
			isa = PBXGroup;
			children = (
				9CA500552AEADDCB001D8FD1 /* Models */,
				9CA500522AEADD65001D8FD1 /* AppCoordinator */,
				9CA500152AEADAA7001D8FD1 /* AppDelegate.swift */,
			);
			path = Application;
			sourceTree = "<group>";
		};
		9CA5004A2AEADB7E001D8FD1 /* Utils */ = {
			isa = PBXGroup;
			children = (
				9C9D52A52AEBF7190097FC02 /* Managers */,
				9C9D52932AEBD8E80097FC02 /* Protocols */,
				9CA500742AEAF023001D8FD1 /* Extensions */,
				9CA5004E2AEADBCD001D8FD1 /* Network */,
				9CA5005A2AEADE4F001D8FD1 /* Common */,
			);
			path = Utils;
			sourceTree = "<group>";
		};
		9CA5004B2AEADB91001D8FD1 /* Domain */ = {
			isa = PBXGroup;
			children = (
				9CD19D012AEC31D9001E0488 /* FetchMovieDetails */,
				9CAD31252AEB387B00D764F1 /* FetchMovies */,
			);
			path = Domain;
			sourceTree = "<group>";
		};
		9CA5004C2AEADB99001D8FD1 /* Data */ = {
			isa = PBXGroup;
			children = (
				9CAD31182AEB30CB00D764F1 /* Movies */,
			);
			path = Data;
			sourceTree = "<group>";
		};
		9CA5004D2AEADBA2001D8FD1 /* Presentation */ = {
			isa = PBXGroup;
			children = (
				9CD19D0E2AEC35BC001E0488 /* MovieDetails */,
				9C9D527C2AEBD8680097FC02 /* Home */,
			);
			path = Presentation;
			sourceTree = "<group>";
		};
		9CA5004E2AEADBCD001D8FD1 /* Network */ = {
			isa = PBXGroup;
			children = (
				9CAD30D22AEB028000D764F1 /* Services */,
				9CA500772AEAF037001D8FD1 /* NetworkManager.swift */,
				9CA5004F2AEADBD8001D8FD1 /* Models */,
			);
			path = Network;
			sourceTree = "<group>";
		};
		9CA5004F2AEADBD8001D8FD1 /* Models */ = {
			isa = PBXGroup;
			children = (
				9CA500792AEAF042001D8FD1 /* Models */,
			);
			path = Models;
			sourceTree = "<group>";
		};
		9CA500522AEADD65001D8FD1 /* AppCoordinator */ = {
			isa = PBXGroup;
			children = (
				9CA500502AEADD16001D8FD1 /* AppCoordinator.swift */,
				9CA500532AEADD9C001D8FD1 /* AppCoordinatorProtocol.swift */,
			);
			path = AppCoordinator;
			sourceTree = "<group>";
		};
		9CA500552AEADDCB001D8FD1 /* Models */ = {
			isa = PBXGroup;
			children = (
				9CA500562AEADDE9001D8FD1 /* BaseCoordinator.swift */,
			);
			path = Models;
			sourceTree = "<group>";
		};
		9CA5005A2AEADE4F001D8FD1 /* Common */ = {
			isa = PBXGroup;
			children = (
				9CA5005B2AEADE62001D8FD1 /* Models */,
				9CAD31142AEB2EBF00D764F1 /* Mapper.swift */,
			);
			path = Common;
			sourceTree = "<group>";
		};
		9CA5005B2AEADE62001D8FD1 /* Models */ = {
			isa = PBXGroup;
			children = (
				9CA5006C2AEAEFF9001D8FD1 /* Models */,
				9CA5006A2AEAEFE9001D8FD1 /* WeakReference.swift */,
				9CA5005C2AEADE74001D8FD1 /* Action.swift */,
			);
			path = Models;
			sourceTree = "<group>";
		};
		9CA5006C2AEAEFF9001D8FD1 /* Models */ = {
			isa = PBXGroup;
			children = (
				9CA5006E2AEAEFF9001D8FD1 /* BaseModels */,
				9CA500702AEAEFF9001D8FD1 /* Action.swift */,
			);
			name = Models;
			sourceTree = "<group>";
		};
		9CA5006E2AEAEFF9001D8FD1 /* BaseModels */ = {
			isa = PBXGroup;
			children = (
				9CA5006F2AEAEFF9001D8FD1 /* BaseViewController.swift */,
			);
			path = BaseModels;
			sourceTree = "<group>";
		};
		9CA500742AEAF023001D8FD1 /* Extensions */ = {
			isa = PBXGroup;
			children = (
				9CA500752AEAF023001D8FD1 /* UIViewController+Extensions.swift */,
				9C9D52A12AEBE4010097FC02 /* UIImageView+Extensions.swift */,
				9C9D52A32AEBE6690097FC02 /* Date+Extensions.swift */,
				9C9D52AA2AEC003B0097FC02 /* Codable+Extensions.swift */,
			);
			path = Extensions;
			sourceTree = "<group>";
		};
		9CA500792AEAF042001D8FD1 /* Models */ = {
			isa = PBXGroup;
			children = (
				9CA5007A2AEAF042001D8FD1 /* NetworkModels.swift */,
			);
			name = Models;
			sourceTree = "<group>";
		};
		9CAD30D22AEB028000D764F1 /* Services */ = {
			isa = PBXGroup;
			children = (
				9CAD30D32AEB029F00D764F1 /* ServiceType.swift */,
				9CAD30D52AEB02C200D764F1 /* EndpointsProtocol.swift */,
			);
			path = Services;
			sourceTree = "<group>";
		};
		9CAD31182AEB30CB00D764F1 /* Movies */ = {
			isa = PBXGroup;
			children = (
				9CAD31192AEB30CB00D764F1 /* DTOs */,
				9CAD311C2AEB30CB00D764F1 /* ServiceWorker */,
			);
			path = Movies;
			sourceTree = "<group>";
		};
		9CAD31192AEB30CB00D764F1 /* DTOs */ = {
			isa = PBXGroup;
			children = (
				9CAD311A2AEB30CB00D764F1 /* MoviesRequest.swift */,
				9CAD311B2AEB30CB00D764F1 /* MoviesResponse+Mapping.swift */,
				9CD19CFF2AEC30C5001E0488 /* MovieDetailsRequestDTO.swift */,
			);
			path = DTOs;
			sourceTree = "<group>";
		};
		9CAD311C2AEB30CB00D764F1 /* ServiceWorker */ = {
			isa = PBXGroup;
			children = (
				9CAD311D2AEB30CB00D764F1 /* MoviesEndPoints.swift */,
				9CAD311E2AEB30CB00D764F1 /* MoviesServiceProtocol.swift */,
				9CAD311F2AEB30CB00D764F1 /* MoviesService.swift */,
			);
			path = ServiceWorker;
			sourceTree = "<group>";
		};
		9CAD31252AEB387B00D764F1 /* FetchMovies */ = {
			isa = PBXGroup;
			children = (
				9CAD31272AEB388E00D764F1 /* UseCase */,
				9CAD31262AEB388700D764F1 /* Entities */,
			);
			path = FetchMovies;
			sourceTree = "<group>";
		};
		9CAD31262AEB388700D764F1 /* Entities */ = {
			isa = PBXGroup;
			children = (
				9CAD312C2AEB39DE00D764F1 /* Movie.swift */,
			);
			path = Entities;
			sourceTree = "<group>";
		};
		9CAD31272AEB388E00D764F1 /* UseCase */ = {
			isa = PBXGroup;
			children = (
				9CAD31282AEB38A600D764F1 /* FetchMoviesUseCase.swift */,
				9CAD312A2AEB38DD00D764F1 /* FetchMoviesUseCaseProtocol.swift */,
			);
			path = UseCase;
			sourceTree = "<group>";
		};
		9CD19D012AEC31D9001E0488 /* FetchMovieDetails */ = {
			isa = PBXGroup;
			children = (
				9CD19D022AEC321B001E0488 /* UseCase */,
				9CD19D032AEC3222001E0488 /* Entities */,
			);
			path = FetchMovieDetails;
			sourceTree = "<group>";
		};
		9CD19D022AEC321B001E0488 /* UseCase */ = {
			isa = PBXGroup;
			children = (
				9CD19D042AEC3237001E0488 /* FetchMovieDetailsUseCase.swift */,
				9CD19D062AEC323E001E0488 /* FetchMovieDetailsUseCaseProtocol.swift */,
			);
			path = UseCase;
			sourceTree = "<group>";
		};
		9CD19D032AEC3222001E0488 /* Entities */ = {
			isa = PBXGroup;
			children = (
				9CD19D082AEC33CE001E0488 /* MovieDetails.swift */,
			);
			path = Entities;
			sourceTree = "<group>";
		};
		9CD19D0E2AEC35BC001E0488 /* MovieDetails */ = {
			isa = PBXGroup;
			children = (
				9CD19D0F2AEC35BC001E0488 /* ViewModel */,
				9CD19D122AEC35BC001E0488 /* Coordinator */,
				9CD19D152AEC35BC001E0488 /* Controller */,
				9CD19D192AEC35BC001E0488 /* Resourses */,
			);
			path = MovieDetails;
			sourceTree = "<group>";
		};
		9CD19D0F2AEC35BC001E0488 /* ViewModel */ = {
			isa = PBXGroup;
			children = (
				9CD19D102AEC35BC001E0488 /* MovieDetailsViewModelProtocol.swift */,
				9CD19D112AEC35BC001E0488 /* MovieDetailsViewModel.swift */,
			);
			path = ViewModel;
			sourceTree = "<group>";
		};
		9CD19D122AEC35BC001E0488 /* Coordinator */ = {
			isa = PBXGroup;
			children = (
				9CD19D132AEC35BC001E0488 /* MovieDetailsCoordinator.swift */,
				9CD19D142AEC35BC001E0488 /* MovieDetailsCoordinatorProtocol.swift */,
			);
			path = Coordinator;
			sourceTree = "<group>";
		};
		9CD19D152AEC35BC001E0488 /* Controller */ = {
			isa = PBXGroup;
			children = (
				9CD19D162AEC35BC001E0488 /* MovieDetailsViewController.xib */,
				9CD19D172AEC35BC001E0488 /* MovieDetailsViewController.swift */,
				9CD19D182AEC35BC001E0488 /* MovieDetailsViewControllerProtocol.swift */,
			);
			path = Controller;
			sourceTree = "<group>";
		};
		9CD19D192AEC35BC001E0488 /* Resourses */ = {
			isa = PBXGroup;
			children = (
				9CD19D1A2AEC35BC001E0488 /* MovieDetailsDependencies.swift */,
				9CD19D1B2AEC35BC001E0488 /* MovieDetailsCallBack.swift */,
			);
			path = Resourses;
			sourceTree = "<group>";
		};
		C07395A1D5C083FF14861106 /* Pods */ = {
			isa = PBXGroup;
			children = (
				9E902B7E5AA52B1066280A9C /* Pods-YassirApp.debug.xcconfig */,
				A1AC6A3DBC7893022AC32625 /* Pods-YassirApp.release.xcconfig */,
				EA12C7CBDB31E4650C440C6D /* Pods-YassirApp-YassirAppUITests.debug.xcconfig */,
				78941BD1A04A35590E37A0D5 /* Pods-YassirApp-YassirAppUITests.release.xcconfig */,
				889B5B9E74162216ED6CA986 /* Pods-YassirAppTests.debug.xcconfig */,
				B9A90AB8A6F3B105787E3D42 /* Pods-YassirAppTests.release.xcconfig */,
			);
			path = Pods;
			sourceTree = "<group>";
		};
/* End PBXGroup section */

/* Begin PBXNativeTarget section */
		9CA500112AEADAA7001D8FD1 /* YassirApp */ = {
			isa = PBXNativeTarget;
			buildConfigurationList = 9CA5003F2AEADAA9001D8FD1 /* Build configuration list for PBXNativeTarget "YassirApp" */;
			buildPhases = (
				E490CD406A334E2A6A3D1065 /* [CP] Check Pods Manifest.lock */,
				9CA5000E2AEADAA7001D8FD1 /* Sources */,
				9CA5000F2AEADAA7001D8FD1 /* Frameworks */,
				9CA500102AEADAA7001D8FD1 /* Resources */,
				7C873ECA0AFBE6702E9B3415 /* [CP] Embed Pods Frameworks */,
			);
			buildRules = (
			);
			dependencies = (
			);
			name = YassirApp;
			productName = YassirApp;
			productReference = 9CA500122AEADAA7001D8FD1 /* YassirApp.app */;
			productType = "com.apple.product-type.application";
		};
		9CA5002A2AEADAA9001D8FD1 /* YassirAppTests */ = {
			isa = PBXNativeTarget;
			buildConfigurationList = 9CA500422AEADAA9001D8FD1 /* Build configuration list for PBXNativeTarget "YassirAppTests" */;
			buildPhases = (
				EEE17928911B1A5030250B64 /* [CP] Check Pods Manifest.lock */,
				9CA500272AEADAA9001D8FD1 /* Sources */,
				9CA500282AEADAA9001D8FD1 /* Frameworks */,
				9CA500292AEADAA9001D8FD1 /* Resources */,
			);
			buildRules = (
			);
			dependencies = (
				9CA5002D2AEADAA9001D8FD1 /* PBXTargetDependency */,
			);
			name = YassirAppTests;
			productName = YassirAppTests;
			productReference = 9CA5002B2AEADAA9001D8FD1 /* YassirAppTests.xctest */;
			productType = "com.apple.product-type.bundle.unit-test";
		};
		9CA500342AEADAA9001D8FD1 /* YassirAppUITests */ = {
			isa = PBXNativeTarget;
			buildConfigurationList = 9CA500452AEADAA9001D8FD1 /* Build configuration list for PBXNativeTarget "YassirAppUITests" */;
			buildPhases = (
				7ADDB6BA95BB887DE0262F70 /* [CP] Check Pods Manifest.lock */,
				9CA500312AEADAA9001D8FD1 /* Sources */,
				9CA500322AEADAA9001D8FD1 /* Frameworks */,
				9CA500332AEADAA9001D8FD1 /* Resources */,
				32E1D5560061E408A7675DCA /* [CP] Embed Pods Frameworks */,
			);
			buildRules = (
			);
			dependencies = (
				9CA500372AEADAA9001D8FD1 /* PBXTargetDependency */,
			);
			name = YassirAppUITests;
			productName = YassirAppUITests;
			productReference = 9CA500352AEADAA9001D8FD1 /* YassirAppUITests.xctest */;
			productType = "com.apple.product-type.bundle.ui-testing";
		};
/* End PBXNativeTarget section */

/* Begin PBXProject section */
		9CA5000A2AEADAA7001D8FD1 /* Project object */ = {
			isa = PBXProject;
			attributes = {
				BuildIndependentTargetsInParallel = 1;
				LastSwiftUpdateCheck = 1430;
				LastUpgradeCheck = 1430;
				TargetAttributes = {
					9CA500112AEADAA7001D8FD1 = {
						CreatedOnToolsVersion = 14.3.1;
					};
					9CA5002A2AEADAA9001D8FD1 = {
						CreatedOnToolsVersion = 14.3.1;
						TestTargetID = 9CA500112AEADAA7001D8FD1;
					};
					9CA500342AEADAA9001D8FD1 = {
						CreatedOnToolsVersion = 14.3.1;
						TestTargetID = 9CA500112AEADAA7001D8FD1;
					};
				};
			};
			buildConfigurationList = 9CA5000D2AEADAA7001D8FD1 /* Build configuration list for PBXProject "YassirApp" */;
			compatibilityVersion = "Xcode 14.0";
			developmentRegion = en;
			hasScannedForEncodings = 0;
			knownRegions = (
				en,
				Base,
			);
			mainGroup = 9CA500092AEADAA7001D8FD1;
			productRefGroup = 9CA500132AEADAA7001D8FD1 /* Products */;
			projectDirPath = "";
			projectRoot = "";
			targets = (
				9CA500112AEADAA7001D8FD1 /* YassirApp */,
				9CA5002A2AEADAA9001D8FD1 /* YassirAppTests */,
				9CA500342AEADAA9001D8FD1 /* YassirAppUITests */,
			);
		};
/* End PBXProject section */

/* Begin PBXResourcesBuildPhase section */
		9CA500102AEADAA7001D8FD1 /* Resources */ = {
			isa = PBXResourcesBuildPhase;
			buildActionMask = 2147483647;
			files = (
				9CA500252AEADAA9001D8FD1 /* LaunchScreen.storyboard in Resources */,
				9CA500222AEADAA9001D8FD1 /* Assets.xcassets in Resources */,
				9C9D529D2AEBDDEF0097FC02 /* MovieTableViewCell.xib in Resources */,
				9C9D528E2AEBD8680097FC02 /* HomeViewController.xib in Resources */,
				9CD19D202AEC35BC001E0488 /* MovieDetailsViewController.xib in Resources */,
			);
			runOnlyForDeploymentPostprocessing = 0;
		};
		9CA500292AEADAA9001D8FD1 /* Resources */ = {
			isa = PBXResourcesBuildPhase;
			buildActionMask = 2147483647;
			files = (
			);
			runOnlyForDeploymentPostprocessing = 0;
		};
		9CA500332AEADAA9001D8FD1 /* Resources */ = {
			isa = PBXResourcesBuildPhase;
			buildActionMask = 2147483647;
			files = (
			);
			runOnlyForDeploymentPostprocessing = 0;
		};
/* End PBXResourcesBuildPhase section */

/* Begin PBXShellScriptBuildPhase section */
		32E1D5560061E408A7675DCA /* [CP] Embed Pods Frameworks */ = {
			isa = PBXShellScriptBuildPhase;
			buildActionMask = 2147483647;
			files = (
			);
			inputFileListPaths = (
				"${PODS_ROOT}/Target Support Files/Pods-YassirApp-YassirAppUITests/Pods-YassirApp-YassirAppUITests-frameworks-${CONFIGURATION}-input-files.xcfilelist",
			);
			name = "[CP] Embed Pods Frameworks";
			outputFileListPaths = (
				"${PODS_ROOT}/Target Support Files/Pods-YassirApp-YassirAppUITests/Pods-YassirApp-YassirAppUITests-frameworks-${CONFIGURATION}-output-files.xcfilelist",
			);
			runOnlyForDeploymentPostprocessing = 0;
			shellPath = /bin/sh;
			shellScript = "\"${PODS_ROOT}/Target Support Files/Pods-YassirApp-YassirAppUITests/Pods-YassirApp-YassirAppUITests-frameworks.sh\"\n";
			showEnvVarsInLog = 0;
		};
		7ADDB6BA95BB887DE0262F70 /* [CP] Check Pods Manifest.lock */ = {
			isa = PBXShellScriptBuildPhase;
			buildActionMask = 2147483647;
			files = (
			);
			inputFileListPaths = (
			);
			inputPaths = (
				"${PODS_PODFILE_DIR_PATH}/Podfile.lock",
				"${PODS_ROOT}/Manifest.lock",
			);
			name = "[CP] Check Pods Manifest.lock";
			outputFileListPaths = (
			);
			outputPaths = (
				"$(DERIVED_FILE_DIR)/Pods-YassirApp-YassirAppUITests-checkManifestLockResult.txt",
			);
			runOnlyForDeploymentPostprocessing = 0;
			shellPath = /bin/sh;
			shellScript = "diff \"${PODS_PODFILE_DIR_PATH}/Podfile.lock\" \"${PODS_ROOT}/Manifest.lock\" > /dev/null\nif [ $? != 0 ] ; then\n    # print error to STDERR\n    echo \"error: The sandbox is not in sync with the Podfile.lock. Run 'pod install' or update your CocoaPods installation.\" >&2\n    exit 1\nfi\n# This output is used by Xcode 'outputs' to avoid re-running this script phase.\necho \"SUCCESS\" > \"${SCRIPT_OUTPUT_FILE_0}\"\n";
			showEnvVarsInLog = 0;
		};
		7C873ECA0AFBE6702E9B3415 /* [CP] Embed Pods Frameworks */ = {
			isa = PBXShellScriptBuildPhase;
			buildActionMask = 2147483647;
			files = (
			);
			inputFileListPaths = (
				"${PODS_ROOT}/Target Support Files/Pods-YassirApp/Pods-YassirApp-frameworks-${CONFIGURATION}-input-files.xcfilelist",
			);
			name = "[CP] Embed Pods Frameworks";
			outputFileListPaths = (
				"${PODS_ROOT}/Target Support Files/Pods-YassirApp/Pods-YassirApp-frameworks-${CONFIGURATION}-output-files.xcfilelist",
			);
			runOnlyForDeploymentPostprocessing = 0;
			shellPath = /bin/sh;
			shellScript = "\"${PODS_ROOT}/Target Support Files/Pods-YassirApp/Pods-YassirApp-frameworks.sh\"\n";
			showEnvVarsInLog = 0;
		};
		E490CD406A334E2A6A3D1065 /* [CP] Check Pods Manifest.lock */ = {
			isa = PBXShellScriptBuildPhase;
			buildActionMask = 2147483647;
			files = (
			);
			inputFileListPaths = (
			);
			inputPaths = (
				"${PODS_PODFILE_DIR_PATH}/Podfile.lock",
				"${PODS_ROOT}/Manifest.lock",
			);
			name = "[CP] Check Pods Manifest.lock";
			outputFileListPaths = (
			);
			outputPaths = (
				"$(DERIVED_FILE_DIR)/Pods-YassirApp-checkManifestLockResult.txt",
			);
			runOnlyForDeploymentPostprocessing = 0;
			shellPath = /bin/sh;
			shellScript = "diff \"${PODS_PODFILE_DIR_PATH}/Podfile.lock\" \"${PODS_ROOT}/Manifest.lock\" > /dev/null\nif [ $? != 0 ] ; then\n    # print error to STDERR\n    echo \"error: The sandbox is not in sync with the Podfile.lock. Run 'pod install' or update your CocoaPods installation.\" >&2\n    exit 1\nfi\n# This output is used by Xcode 'outputs' to avoid re-running this script phase.\necho \"SUCCESS\" > \"${SCRIPT_OUTPUT_FILE_0}\"\n";
			showEnvVarsInLog = 0;
		};
		EEE17928911B1A5030250B64 /* [CP] Check Pods Manifest.lock */ = {
			isa = PBXShellScriptBuildPhase;
			buildActionMask = 2147483647;
			files = (
			);
			inputFileListPaths = (
			);
			inputPaths = (
				"${PODS_PODFILE_DIR_PATH}/Podfile.lock",
				"${PODS_ROOT}/Manifest.lock",
			);
			name = "[CP] Check Pods Manifest.lock";
			outputFileListPaths = (
			);
			outputPaths = (
				"$(DERIVED_FILE_DIR)/Pods-YassirAppTests-checkManifestLockResult.txt",
			);
			runOnlyForDeploymentPostprocessing = 0;
			shellPath = /bin/sh;
			shellScript = "diff \"${PODS_PODFILE_DIR_PATH}/Podfile.lock\" \"${PODS_ROOT}/Manifest.lock\" > /dev/null\nif [ $? != 0 ] ; then\n    # print error to STDERR\n    echo \"error: The sandbox is not in sync with the Podfile.lock. Run 'pod install' or update your CocoaPods installation.\" >&2\n    exit 1\nfi\n# This output is used by Xcode 'outputs' to avoid re-running this script phase.\necho \"SUCCESS\" > \"${SCRIPT_OUTPUT_FILE_0}\"\n";
			showEnvVarsInLog = 0;
		};
/* End PBXShellScriptBuildPhase section */

/* Begin PBXSourcesBuildPhase section */
		9CA5000E2AEADAA7001D8FD1 /* Sources */ = {
			isa = PBXSourcesBuildPhase;
			buildActionMask = 2147483647;
			files = (
				9CAD30D62AEB02C200D764F1 /* EndpointsProtocol.swift in Sources */,
				9CA500782AEAF037001D8FD1 /* NetworkManager.swift in Sources */,
				9CA5007B2AEAF042001D8FD1 /* NetworkModels.swift in Sources */,
				9C9D528B2AEBD8680097FC02 /* HomeViewModel.swift in Sources */,
				9CAD312D2AEB39DE00D764F1 /* Movie.swift in Sources */,
				9CAD31152AEB2EBF00D764F1 /* Mapper.swift in Sources */,
				9C9D52902AEBD8680097FC02 /* HomeViewControllerProtocol.swift in Sources */,
				9CA500572AEADDE9001D8FD1 /* BaseCoordinator.swift in Sources */,
				9CD19D242AEC35BC001E0488 /* MovieDetailsCallBack.swift in Sources */,
				9CAD31212AEB30CB00D764F1 /* MoviesResponse+Mapping.swift in Sources */,
				9CAD31292AEB38A600D764F1 /* FetchMoviesUseCase.swift in Sources */,
				9CAD31242AEB30CB00D764F1 /* MoviesService.swift in Sources */,
				9CAD312B2AEB38DD00D764F1 /* FetchMoviesUseCaseProtocol.swift in Sources */,
				9CA5005D2AEADE74001D8FD1 /* Action.swift in Sources */,
				9CA5006B2AEAEFE9001D8FD1 /* WeakReference.swift in Sources */,
				9CA500732AEAEFF9001D8FD1 /* Action.swift in Sources */,
				9CD19D1E2AEC35BC001E0488 /* MovieDetailsCoordinator.swift in Sources */,
				9C9D52A22AEBE4010097FC02 /* UIImageView+Extensions.swift in Sources */,
				9CD19D1D2AEC35BC001E0488 /* MovieDetailsViewModel.swift in Sources */,
				9CA500512AEADD16001D8FD1 /* AppCoordinator.swift in Sources */,
				9CAD31202AEB30CB00D764F1 /* MoviesRequest.swift in Sources */,
				9CA500162AEADAA7001D8FD1 /* AppDelegate.swift in Sources */,
				9CA500762AEAF023001D8FD1 /* UIViewController+Extensions.swift in Sources */,
				9CAD31232AEB30CB00D764F1 /* MoviesServiceProtocol.swift in Sources */,
				9C9D529C2AEBDDEF0097FC02 /* MovieTableViewCell.swift in Sources */,
				9C9D52AB2AEC003B0097FC02 /* Codable+Extensions.swift in Sources */,
				9CD19D002AEC30C5001E0488 /* MovieDetailsRequestDTO.swift in Sources */,
				9CD19D222AEC35BC001E0488 /* MovieDetailsViewControllerProtocol.swift in Sources */,
				9CD19D072AEC323E001E0488 /* FetchMovieDetailsUseCaseProtocol.swift in Sources */,
				9C9D528F2AEBD8680097FC02 /* HomeViewController.swift in Sources */,
				9CD19D1F2AEC35BC001E0488 /* MovieDetailsCoordinatorProtocol.swift in Sources */,
				9CA500722AEAEFF9001D8FD1 /* BaseViewController.swift in Sources */,
				9CD19D232AEC35BC001E0488 /* MovieDetailsDependencies.swift in Sources */,
				9CA500542AEADD9C001D8FD1 /* AppCoordinatorProtocol.swift in Sources */,
				9C9D528C2AEBD8680097FC02 /* HomeCoordinator.swift in Sources */,
				9CD19D092AEC33CE001E0488 /* MovieDetails.swift in Sources */,
				9CA500202AEADAA7001D8FD1 /* YassirApp.xcdatamodeld in Sources */,
				9C9D528A2AEBD8680097FC02 /* HomeViewModelProtocol.swift in Sources */,
				9CD19D212AEC35BC001E0488 /* MovieDetailsViewController.swift in Sources */,
				9CD19D1C2AEC35BC001E0488 /* MovieDetailsViewModelProtocol.swift in Sources */,
				9C9D52A72AEBF74B0097FC02 /* StaticDataManager.swift in Sources */,
				9CAD30D42AEB029F00D764F1 /* ServiceType.swift in Sources */,
				9C9D52A42AEBE6690097FC02 /* Date+Extensions.swift in Sources */,
				9C9D52922AEBD8680097FC02 /* HomeCallBack.swift in Sources */,
				9CD19D052AEC3237001E0488 /* FetchMovieDetailsUseCase.swift in Sources */,
				9CAD31222AEB30CB00D764F1 /* MoviesEndPoints.swift in Sources */,
				9C9D528D2AEBD8680097FC02 /* HomeCoordinatorProtocol.swift in Sources */,
				9C9D52912AEBD8680097FC02 /* HomeDependencies.swift in Sources */,
				9C9D52952AEBD9050097FC02 /* CoordinatorDependencyType.swift in Sources */,
				9C9D52A02AEBE21F0097FC02 /* MoviesListDataSource.swift in Sources */,
			);
			runOnlyForDeploymentPostprocessing = 0;
		};
		9CA500272AEADAA9001D8FD1 /* Sources */ = {
			isa = PBXSourcesBuildPhase;
			buildActionMask = 2147483647;
			files = (
				9CA500302AEADAA9001D8FD1 /* YassirAppTests.swift in Sources */,
			);
			runOnlyForDeploymentPostprocessing = 0;
		};
		9CA500312AEADAA9001D8FD1 /* Sources */ = {
			isa = PBXSourcesBuildPhase;
			buildActionMask = 2147483647;
			files = (
				9CA5003A2AEADAA9001D8FD1 /* YassirAppUITests.swift in Sources */,
				9CA5003C2AEADAA9001D8FD1 /* YassirAppUITestsLaunchTests.swift in Sources */,
			);
			runOnlyForDeploymentPostprocessing = 0;
		};
/* End PBXSourcesBuildPhase section */

/* Begin PBXTargetDependency section */
		9CA5002D2AEADAA9001D8FD1 /* PBXTargetDependency */ = {
			isa = PBXTargetDependency;
			target = 9CA500112AEADAA7001D8FD1 /* YassirApp */;
			targetProxy = 9CA5002C2AEADAA9001D8FD1 /* PBXContainerItemProxy */;
		};
		9CA500372AEADAA9001D8FD1 /* PBXTargetDependency */ = {
			isa = PBXTargetDependency;
			target = 9CA500112AEADAA7001D8FD1 /* YassirApp */;
			targetProxy = 9CA500362AEADAA9001D8FD1 /* PBXContainerItemProxy */;
		};
/* End PBXTargetDependency section */

/* Begin PBXVariantGroup section */
		9CA500232AEADAA9001D8FD1 /* LaunchScreen.storyboard */ = {
			isa = PBXVariantGroup;
			children = (
				9CA500242AEADAA9001D8FD1 /* Base */,
			);
			name = LaunchScreen.storyboard;
			sourceTree = "<group>";
		};
/* End PBXVariantGroup section */

/* Begin XCBuildConfiguration section */
		9CA5003D2AEADAA9001D8FD1 /* Debug */ = {
			isa = XCBuildConfiguration;
			buildSettings = {
				ALWAYS_SEARCH_USER_PATHS = NO;
				CLANG_ANALYZER_NONNULL = YES;
				CLANG_ANALYZER_NUMBER_OBJECT_CONVERSION = YES_AGGRESSIVE;
				CLANG_CXX_LANGUAGE_STANDARD = "gnu++20";
				CLANG_ENABLE_MODULES = YES;
				CLANG_ENABLE_OBJC_ARC = YES;
				CLANG_ENABLE_OBJC_WEAK = YES;
				CLANG_WARN_BLOCK_CAPTURE_AUTORELEASING = YES;
				CLANG_WARN_BOOL_CONVERSION = YES;
				CLANG_WARN_COMMA = YES;
				CLANG_WARN_CONSTANT_CONVERSION = YES;
				CLANG_WARN_DEPRECATED_OBJC_IMPLEMENTATIONS = YES;
				CLANG_WARN_DIRECT_OBJC_ISA_USAGE = YES_ERROR;
				CLANG_WARN_DOCUMENTATION_COMMENTS = YES;
				CLANG_WARN_EMPTY_BODY = YES;
				CLANG_WARN_ENUM_CONVERSION = YES;
				CLANG_WARN_INFINITE_RECURSION = YES;
				CLANG_WARN_INT_CONVERSION = YES;
				CLANG_WARN_NON_LITERAL_NULL_CONVERSION = YES;
				CLANG_WARN_OBJC_IMPLICIT_RETAIN_SELF = YES;
				CLANG_WARN_OBJC_LITERAL_CONVERSION = YES;
				CLANG_WARN_OBJC_ROOT_CLASS = YES_ERROR;
				CLANG_WARN_QUOTED_INCLUDE_IN_FRAMEWORK_HEADER = YES;
				CLANG_WARN_RANGE_LOOP_ANALYSIS = YES;
				CLANG_WARN_STRICT_PROTOTYPES = YES;
				CLANG_WARN_SUSPICIOUS_MOVE = YES;
				CLANG_WARN_UNGUARDED_AVAILABILITY = YES_AGGRESSIVE;
				CLANG_WARN_UNREACHABLE_CODE = YES;
				CLANG_WARN__DUPLICATE_METHOD_MATCH = YES;
				COPY_PHASE_STRIP = NO;
				DEBUG_INFORMATION_FORMAT = dwarf;
				ENABLE_STRICT_OBJC_MSGSEND = YES;
				ENABLE_TESTABILITY = YES;
				GCC_C_LANGUAGE_STANDARD = gnu11;
				GCC_DYNAMIC_NO_PIC = NO;
				GCC_NO_COMMON_BLOCKS = YES;
				GCC_OPTIMIZATION_LEVEL = 0;
				GCC_PREPROCESSOR_DEFINITIONS = (
					"DEBUG=1",
					"$(inherited)",
				);
				GCC_WARN_64_TO_32_BIT_CONVERSION = YES;
				GCC_WARN_ABOUT_RETURN_TYPE = YES_ERROR;
				GCC_WARN_UNDECLARED_SELECTOR = YES;
				GCC_WARN_UNINITIALIZED_AUTOS = YES_AGGRESSIVE;
				GCC_WARN_UNUSED_FUNCTION = YES;
				GCC_WARN_UNUSED_VARIABLE = YES;
				IPHONEOS_DEPLOYMENT_TARGET = 16.4;
				MTL_ENABLE_DEBUG_INFO = INCLUDE_SOURCE;
				MTL_FAST_MATH = YES;
				ONLY_ACTIVE_ARCH = YES;
				SDKROOT = iphoneos;
				SWIFT_ACTIVE_COMPILATION_CONDITIONS = DEBUG;
				SWIFT_OPTIMIZATION_LEVEL = "-Onone";
			};
			name = Debug;
		};
		9CA5003E2AEADAA9001D8FD1 /* Release */ = {
			isa = XCBuildConfiguration;
			buildSettings = {
				ALWAYS_SEARCH_USER_PATHS = NO;
				CLANG_ANALYZER_NONNULL = YES;
				CLANG_ANALYZER_NUMBER_OBJECT_CONVERSION = YES_AGGRESSIVE;
				CLANG_CXX_LANGUAGE_STANDARD = "gnu++20";
				CLANG_ENABLE_MODULES = YES;
				CLANG_ENABLE_OBJC_ARC = YES;
				CLANG_ENABLE_OBJC_WEAK = YES;
				CLANG_WARN_BLOCK_CAPTURE_AUTORELEASING = YES;
				CLANG_WARN_BOOL_CONVERSION = YES;
				CLANG_WARN_COMMA = YES;
				CLANG_WARN_CONSTANT_CONVERSION = YES;
				CLANG_WARN_DEPRECATED_OBJC_IMPLEMENTATIONS = YES;
				CLANG_WARN_DIRECT_OBJC_ISA_USAGE = YES_ERROR;
				CLANG_WARN_DOCUMENTATION_COMMENTS = YES;
				CLANG_WARN_EMPTY_BODY = YES;
				CLANG_WARN_ENUM_CONVERSION = YES;
				CLANG_WARN_INFINITE_RECURSION = YES;
				CLANG_WARN_INT_CONVERSION = YES;
				CLANG_WARN_NON_LITERAL_NULL_CONVERSION = YES;
				CLANG_WARN_OBJC_IMPLICIT_RETAIN_SELF = YES;
				CLANG_WARN_OBJC_LITERAL_CONVERSION = YES;
				CLANG_WARN_OBJC_ROOT_CLASS = YES_ERROR;
				CLANG_WARN_QUOTED_INCLUDE_IN_FRAMEWORK_HEADER = YES;
				CLANG_WARN_RANGE_LOOP_ANALYSIS = YES;
				CLANG_WARN_STRICT_PROTOTYPES = YES;
				CLANG_WARN_SUSPICIOUS_MOVE = YES;
				CLANG_WARN_UNGUARDED_AVAILABILITY = YES_AGGRESSIVE;
				CLANG_WARN_UNREACHABLE_CODE = YES;
				CLANG_WARN__DUPLICATE_METHOD_MATCH = YES;
				COPY_PHASE_STRIP = NO;
				DEBUG_INFORMATION_FORMAT = "dwarf-with-dsym";
				ENABLE_NS_ASSERTIONS = NO;
				ENABLE_STRICT_OBJC_MSGSEND = YES;
				GCC_C_LANGUAGE_STANDARD = gnu11;
				GCC_NO_COMMON_BLOCKS = YES;
				GCC_WARN_64_TO_32_BIT_CONVERSION = YES;
				GCC_WARN_ABOUT_RETURN_TYPE = YES_ERROR;
				GCC_WARN_UNDECLARED_SELECTOR = YES;
				GCC_WARN_UNINITIALIZED_AUTOS = YES_AGGRESSIVE;
				GCC_WARN_UNUSED_FUNCTION = YES;
				GCC_WARN_UNUSED_VARIABLE = YES;
				IPHONEOS_DEPLOYMENT_TARGET = 16.4;
				MTL_ENABLE_DEBUG_INFO = NO;
				MTL_FAST_MATH = YES;
				SDKROOT = iphoneos;
				SWIFT_COMPILATION_MODE = wholemodule;
				SWIFT_OPTIMIZATION_LEVEL = "-O";
				VALIDATE_PRODUCT = YES;
			};
			name = Release;
		};
		9CA500402AEADAA9001D8FD1 /* Debug */ = {
			isa = XCBuildConfiguration;
			baseConfigurationReference = 9E902B7E5AA52B1066280A9C /* Pods-YassirApp.debug.xcconfig */;
			buildSettings = {
				ASSETCATALOG_COMPILER_APPICON_NAME = AppIcon;
				ASSETCATALOG_COMPILER_GLOBAL_ACCENT_COLOR_NAME = AccentColor;
				CODE_SIGN_STYLE = Automatic;
				CURRENT_PROJECT_VERSION = 1;
				DEVELOPMENT_TEAM = YYF88N59UA;
				GENERATE_INFOPLIST_FILE = YES;
				INFOPLIST_FILE = YassirApp/Info.plist;
				INFOPLIST_KEY_UIApplicationSupportsIndirectInputEvents = YES;
				INFOPLIST_KEY_UILaunchStoryboardName = LaunchScreen;
				INFOPLIST_KEY_UIMainStoryboardFile = "";
				INFOPLIST_KEY_UISupportedInterfaceOrientations = UIInterfaceOrientationPortrait;
				IPHONEOS_DEPLOYMENT_TARGET = 14.0;
				LD_RUNPATH_SEARCH_PATHS = (
					"$(inherited)",
					"@executable_path/Frameworks",
				);
				MARKETING_VERSION = 1.0;
				ONLY_ACTIVE_ARCH = YES;
				PRODUCT_BUNDLE_IDENTIFIER = com.shiekh.YassirApp;
				PRODUCT_NAME = "$(TARGET_NAME)";
				SWIFT_EMIT_LOC_STRINGS = YES;
				SWIFT_VERSION = 5.0;
				TARGETED_DEVICE_FAMILY = "1,2";
			};
			name = Debug;
		};
		9CA500412AEADAA9001D8FD1 /* Release */ = {
			isa = XCBuildConfiguration;
			baseConfigurationReference = A1AC6A3DBC7893022AC32625 /* Pods-YassirApp.release.xcconfig */;
			buildSettings = {
				ASSETCATALOG_COMPILER_APPICON_NAME = AppIcon;
				ASSETCATALOG_COMPILER_GLOBAL_ACCENT_COLOR_NAME = AccentColor;
				CODE_SIGN_STYLE = Automatic;
				CURRENT_PROJECT_VERSION = 1;
				DEVELOPMENT_TEAM = YYF88N59UA;
				GENERATE_INFOPLIST_FILE = YES;
				INFOPLIST_FILE = YassirApp/Info.plist;
				INFOPLIST_KEY_UIApplicationSupportsIndirectInputEvents = YES;
				INFOPLIST_KEY_UILaunchStoryboardName = LaunchScreen;
				INFOPLIST_KEY_UIMainStoryboardFile = "";
				INFOPLIST_KEY_UISupportedInterfaceOrientations = UIInterfaceOrientationPortrait;
				IPHONEOS_DEPLOYMENT_TARGET = 14.0;
				LD_RUNPATH_SEARCH_PATHS = (
					"$(inherited)",
					"@executable_path/Frameworks",
				);
				MARKETING_VERSION = 1.0;
				PRODUCT_BUNDLE_IDENTIFIER = com.shiekh.YassirApp;
				PRODUCT_NAME = "$(TARGET_NAME)";
				SWIFT_EMIT_LOC_STRINGS = YES;
				SWIFT_VERSION = 5.0;
				TARGETED_DEVICE_FAMILY = "1,2";
			};
			name = Release;
		};
		9CA500432AEADAA9001D8FD1 /* Debug */ = {
			isa = XCBuildConfiguration;
			baseConfigurationReference = 889B5B9E74162216ED6CA986 /* Pods-YassirAppTests.debug.xcconfig */;
			buildSettings = {
				ALWAYS_EMBED_SWIFT_STANDARD_LIBRARIES = YES;
				BUNDLE_LOADER = "$(TEST_HOST)";
				CODE_SIGN_STYLE = Automatic;
				CURRENT_PROJECT_VERSION = 1;
				GENERATE_INFOPLIST_FILE = YES;
				IPHONEOS_DEPLOYMENT_TARGET = 16.4;
				MARKETING_VERSION = 1.0;
				PRODUCT_BUNDLE_IDENTIFIER = com.shiekh.YassirAppTests;
				PRODUCT_NAME = "$(TARGET_NAME)";
				SWIFT_EMIT_LOC_STRINGS = NO;
				SWIFT_VERSION = 5.0;
				TARGETED_DEVICE_FAMILY = "1,2";
				TEST_HOST = "$(BUILT_PRODUCTS_DIR)/YassirApp.app/$(BUNDLE_EXECUTABLE_FOLDER_PATH)/YassirApp";
			};
			name = Debug;
		};
		9CA500442AEADAA9001D8FD1 /* Release */ = {
			isa = XCBuildConfiguration;
			baseConfigurationReference = B9A90AB8A6F3B105787E3D42 /* Pods-YassirAppTests.release.xcconfig */;
			buildSettings = {
				ALWAYS_EMBED_SWIFT_STANDARD_LIBRARIES = YES;
				BUNDLE_LOADER = "$(TEST_HOST)";
				CODE_SIGN_STYLE = Automatic;
				CURRENT_PROJECT_VERSION = 1;
				GENERATE_INFOPLIST_FILE = YES;
				IPHONEOS_DEPLOYMENT_TARGET = 16.4;
				MARKETING_VERSION = 1.0;
				PRODUCT_BUNDLE_IDENTIFIER = com.shiekh.YassirAppTests;
				PRODUCT_NAME = "$(TARGET_NAME)";
				SWIFT_EMIT_LOC_STRINGS = NO;
				SWIFT_VERSION = 5.0;
				TARGETED_DEVICE_FAMILY = "1,2";
				TEST_HOST = "$(BUILT_PRODUCTS_DIR)/YassirApp.app/$(BUNDLE_EXECUTABLE_FOLDER_PATH)/YassirApp";
			};
			name = Release;
		};
		9CA500462AEADAA9001D8FD1 /* Debug */ = {
			isa = XCBuildConfiguration;
			baseConfigurationReference = EA12C7CBDB31E4650C440C6D /* Pods-YassirApp-YassirAppUITests.debug.xcconfig */;
			buildSettings = {
				ALWAYS_EMBED_SWIFT_STANDARD_LIBRARIES = YES;
				CODE_SIGN_STYLE = Automatic;
				CURRENT_PROJECT_VERSION = 1;
				GENERATE_INFOPLIST_FILE = YES;
				MARKETING_VERSION = 1.0;
				PRODUCT_BUNDLE_IDENTIFIER = com.shiekh.YassirAppUITests;
				PRODUCT_NAME = "$(TARGET_NAME)";
				SWIFT_EMIT_LOC_STRINGS = NO;
				SWIFT_VERSION = 5.0;
				TARGETED_DEVICE_FAMILY = "1,2";
				TEST_TARGET_NAME = YassirApp;
			};
			name = Debug;
		};
		9CA500472AEADAA9001D8FD1 /* Release */ = {
			isa = XCBuildConfiguration;
			baseConfigurationReference = 78941BD1A04A35590E37A0D5 /* Pods-YassirApp-YassirAppUITests.release.xcconfig */;
			buildSettings = {
				ALWAYS_EMBED_SWIFT_STANDARD_LIBRARIES = YES;
				CODE_SIGN_STYLE = Automatic;
				CURRENT_PROJECT_VERSION = 1;
				GENERATE_INFOPLIST_FILE = YES;
				MARKETING_VERSION = 1.0;
				PRODUCT_BUNDLE_IDENTIFIER = com.shiekh.YassirAppUITests;
				PRODUCT_NAME = "$(TARGET_NAME)";
				SWIFT_EMIT_LOC_STRINGS = NO;
				SWIFT_VERSION = 5.0;
				TARGETED_DEVICE_FAMILY = "1,2";
				TEST_TARGET_NAME = YassirApp;
			};
			name = Release;
		};
/* End XCBuildConfiguration section */

/* Begin XCConfigurationList section */
		9CA5000D2AEADAA7001D8FD1 /* Build configuration list for PBXProject "YassirApp" */ = {
			isa = XCConfigurationList;
			buildConfigurations = (
				9CA5003D2AEADAA9001D8FD1 /* Debug */,
				9CA5003E2AEADAA9001D8FD1 /* Release */,
			);
			defaultConfigurationIsVisible = 0;
			defaultConfigurationName = Release;
		};
		9CA5003F2AEADAA9001D8FD1 /* Build configuration list for PBXNativeTarget "YassirApp" */ = {
			isa = XCConfigurationList;
			buildConfigurations = (
				9CA500402AEADAA9001D8FD1 /* Debug */,
				9CA500412AEADAA9001D8FD1 /* Release */,
			);
			defaultConfigurationIsVisible = 0;
			defaultConfigurationName = Release;
		};
		9CA500422AEADAA9001D8FD1 /* Build configuration list for PBXNativeTarget "YassirAppTests" */ = {
			isa = XCConfigurationList;
			buildConfigurations = (
				9CA500432AEADAA9001D8FD1 /* Debug */,
				9CA500442AEADAA9001D8FD1 /* Release */,
			);
			defaultConfigurationIsVisible = 0;
			defaultConfigurationName = Release;
		};
		9CA500452AEADAA9001D8FD1 /* Build configuration list for PBXNativeTarget "YassirAppUITests" */ = {
			isa = XCConfigurationList;
			buildConfigurations = (
				9CA500462AEADAA9001D8FD1 /* Debug */,
				9CA500472AEADAA9001D8FD1 /* Release */,
			);
			defaultConfigurationIsVisible = 0;
			defaultConfigurationName = Release;
		};
/* End XCConfigurationList section */

/* Begin XCVersionGroup section */
		9CA5001E2AEADAA7001D8FD1 /* YassirApp.xcdatamodeld */ = {
			isa = XCVersionGroup;
			children = (
				9CA5001F2AEADAA7001D8FD1 /* YassirApp.xcdatamodel */,
			);
			currentVersion = 9CA5001F2AEADAA7001D8FD1 /* YassirApp.xcdatamodel */;
			path = YassirApp.xcdatamodeld;
			sourceTree = "<group>";
			versionGroupType = wrapper.xcdatamodel;
		};
/* End XCVersionGroup section */
	};
	rootObject = 9CA5000A2AEADAA7001D8FD1 /* Project object */;
}
